<?xml version="1.0" encoding="UTF-8"?>
<Scheme
   LastUpgradeVersion = "0730"
   version = "1.3">
   <BuildAction
      parallelizeBuildables = "YES"
      buildImplicitDependencies = "YES">
      <BuildActionEntries>
         <BuildActionEntry
            buildForTesting = "YES"
            buildForRunning = "YES"
            buildForProfiling = "YES"
            buildForArchiving = "YES"
            buildForAnalyzing = "YES">
            <BuildableReference
               BuildableIdentifier = "primary"
               BlueprintIdentifier = "402D2A271D43BCD100BAE038"
               BuildableName = "Ache!ForWatch.app"
               BlueprintName = "Ache!ForWatch"
               ReferencedContainer = "container:Ache!.xcodeproj">
            </BuildableReference>
         </BuildActionEntry>
         <BuildActionEntry
            buildForTesting = "YES"
            buildForRunning = "YES"
            buildForProfiling = "YES"
            buildForArchiving = "YES"
            buildForAnalyzing = "YES">
            <BuildableReference
               BuildableIdentifier = "primary"
               BlueprintIdentifier = "402D2A0A1D43BC1700BAE038"
               BuildableName = "AcheForWatch Extension.appex"
               BlueprintName = "AcheForWatch Extension"
               ReferencedContainer = "container:Ache!.xcodeproj">
            </BuildableReference>
         </BuildActionEntry>
         <BuildActionEntry
            buildForTesting = "YES"
            buildForRunning = "YES"
            buildForProfiling = "YES"
            buildForArchiving = "YES"
            buildForAnalyzing = "YES">
            <BuildableReference
               BuildableIdentifier = "primary"
               BlueprintIdentifier = "402D2A331D43BCD100BAE038"
               BuildableName = "Ache!ForWatch Extension.appex"
               BlueprintName = "Ache!ForWatch Extension"
               ReferencedContainer = "container:Ache!.xcodeproj">
            </BuildableReference>
         </BuildActionEntry>
         <BuildActionEntry
            buildForTesting = "YES"
            buildForRunning = "YES"
            buildForProfiling = "YES"
            buildForArchiving = "YES"
            buildForAnalyzing = "YES">
            <BuildableReference
               BuildableIdentifier = "primary"
               BlueprintIdentifier = "436D28961D43AE030024CF23"
               BuildableName = "Ache!.app"
               BlueprintName = "Ache!"
               ReferencedContainer = "container:Ache!.xcodeproj">
            </BuildableReference>
         </BuildActionEntry>
      </BuildActionEntries>
   </BuildAction>
   <TestAction
      buildConfiguration = "Debug"
      selectedDebuggerIdentifier = "Xcode.DebuggerFoundation.Debugger.LLDB"
      selectedLauncherIdentifier = "Xcode.DebuggerFoundation.Launcher.LLDB"
      shouldUseLaunchSchemeArgsEnv = "YES">
      <Testables>
      </Testables>
      <MacroExpansion>
         <BuildableReference
            BuildableIdentifier = "primary"
            BlueprintIdentifier = "402D2A271D43BCD100BAE038"
            BuildableName = "Ache!ForWatch.app"
            BlueprintName = "Ache!ForWatch"
            ReferencedContainer = "container:Ache!.xcodeproj">
         </BuildableReference>
      </MacroExpansion>
      <AdditionalOptions>
      </AdditionalOptions>
   </TestAction>
   <LaunchAction
      buildConfiguration = "Debug"
      selectedDebuggerIdentifier = "Xcode.DebuggerFoundation.Debugger.LLDB"
      selectedLauncherIdentifier = "Xcode.DebuggerFoundation.Launcher.LLDB"
      launchStyle = "0"
      useCustomWorkingDirectory = "NO"
      ignoresPersistentStateOnLaunch = "NO"
      debugDocumentVersioning = "YES"
      debugServiceExtension = "internal"
      allowLocationSimulation = "YES">
      <RemoteRunnable
         runnableDebuggingMode = "2"
         BundleIdentifier = "com.apple.carousel"
         RemotePath = "/Ache!">
         <BuildableReference
            BuildableIdentifier = "primary"
            BlueprintIdentifier = "402D2A271D43BCD100BAE038"
            BuildableName = "Ache!ForWatch.app"
            BlueprintName = "Ache!ForWatch"
            ReferencedContainer = "container:Ache!.xcodeproj">
         </BuildableReference>
      </RemoteRunnable>
      <MacroExpansion>
         <BuildableReference
            BuildableIdentifier = "primary"
            BlueprintIdentifier = "402D2A271D43BCD100BAE038"
            BuildableName = "Ache!ForWatch.app"
            BlueprintName = "Ache!ForWatch"
            ReferencedContainer = "container:Ache!.xcodeproj">
         </BuildableReference>
      </MacroExpansion>
      <AdditionalOptions>
      </AdditionalOptions>
   </LaunchAction>
   <ProfileAction
      buildConfiguration = "Release"
      shouldUseLaunchSchemeArgsEnv = "YES"
      savedToolIdentifier = ""
      useCustomWorkingDirectory = "NO"
      debugDocumentVersioning = "YES">
      <RemoteRunnable
         runnableDebuggingMode = "2"
         BundleIdentifier = "com.apple.carousel"
         RemotePath = "/Ache!">
         <BuildableReference
            BuildableIdentifier = "primary"
            BlueprintIdentifier = "402D2A271D43BCD100BAE038"
            BuildableName = "Ache!ForWatch.app"
            BlueprintName = "Ache!ForWatch"
            ReferencedContainer = "container:Ache!.xcodeproj">
         </BuildableReference>
      </RemoteRunnable>
      <MacroExpansion>
         <BuildableReference
            BuildableIdentifier = "primary"
            BlueprintIdentifier = "402D2A271D43BCD100BAE038"
            BuildableName = "Ache!ForWatch.app"
            BlueprintName = "Ache!ForWatch"
            ReferencedContainer = "container:Ache!.xcodeproj">
         </BuildableReference>
      </MacroExpansion>
   </ProfileAction>
   <AnalyzeAction
      buildConfiguration = "Debug">
   </AnalyzeAction>
   <ArchiveAction
      buildConfiguration = "Release"
      revealArchiveInOrganizer = "YES">
   </ArchiveAction>
</Scheme>
